
Microsoft Visual Studio Solution File, Format Version 12.00
# Visual Studio Version 16
VisualStudioVersion = 16.0.30413.136
MinimumVisualStudioVersion = 10.0.40219.1
Project("{FAE04EC0-301F-11D3-BF4B-00C04F79EFBC}") = "RcloneWrapper", "RcloneWrapper\RcloneWrapper.csproj", "{F3347F68-75DA-431C-892E-4C63CBABA758}"
EndProject
Global
	GlobalSection(SolutionConfigurationPlatforms) = preSolution
		Debug|Any CPU = Debug|Any CPU
		Release|Any CPU = Release|Any CPU
	EndGlobalSection
	GlobalSection(ProjectConfigurationPlatforms) = postSolution
		{F3347F68-75DA-431C-892E-4C63CBABA758}.Debug|Any CPU.ActiveCfg = Debug|Any CPU
		{F3347F68-75DA-431C-892E-4C63CBABA758}.Debug|Any CPU.Build.0 = Debug|Any CPU
		{F3347F68-75DA-431C-892E-4C63CBABA758}.Release|Any CPU.ActiveCfg = Release|Any CPU
		{F3347F68-75DA-431C-892E-4C63CBABA758}.Release|Any CPU.Build.0 = Release|Any CPU
	EndGlobalSection
	GlobalSection(SolutionProperties) = preSolution
		HideSolutionNode = FALSE
	EndGlobalSection
	GlobalSection(ExtensibilityGlobals) = postSolution
		SolutionGuid = {1845CFA3-B24F-4D8D-965A-94C30DE64BF1}
	EndGlobalSection
EndGlobal
